
Microsoft Visual Studio Solution File, Format Version 12.00
# Visual Studio 15
VisualStudioVersion = 15.0.26730.12
MinimumVisualStudioVersion = 10.0.40219.1
Project("{FAE04EC0-301F-11D3-BF4B-00C04F79EFBC}") = "Day1", "Day1\Day1.csproj", "{452AB4EB-8AE0-4FE3-8DA8-203F5B164532}"
EndProject
Project("{FAE04EC0-301F-11D3-BF4B-00C04F79EFBC}") = "Day1_2", "Day1_2\Day1_2.csproj", "{4059B0A1-4468-403E-B927-99E39048D7DD}"
EndProject
Project("{FAE04EC0-301F-11D3-BF4B-00C04F79EFBC}") = "Day2_1", "Day2_1\Day2_1.csproj", "{6A121B77-C884-4719-85DE-EA228F2E43A5}"
EndProject
Project("{FAE04EC0-301F-11D3-BF4B-00C04F79EFBC}") = "Day2_2", "Day2_2\Day2_2.csproj", "{8A9AA0C8-3A3B-4297-9B83-C853C042A5C0}"
EndProject
Project("{FAE04EC0-301F-11D3-BF4B-00C04F79EFBC}") = "Day3_1", "Day3_1\Day3_1.csproj", "{A70A4E5D-2E9B-43D1-9F5E-F75D0E2D4FF4}"
EndProject
Project("{FAE04EC0-301F-11D3-BF4B-00C04F79EFBC}") = "Day3_2", "Day3_2\Day3_2.csproj", "{BA6EA3A9-DFDB-4CED-AF68-C89A780E34AC}"
EndProject
Project("{FAE04EC0-301F-11D3-BF4B-00C04F79EFBC}") = "Day4_1", "Day4_1\Day4_1.csproj", "{0C597948-2336-4F0F-8798-FEA9F30E71C1}"
EndProject
Project("{FAE04EC0-301F-11D3-BF4B-00C04F79EFBC}") = "Day4_2", "Day4_2\Day4_2.csproj", "{6177C8CA-ADAA-448E-9083-5B4220AE6957}"
EndProject
Project("{FAE04EC0-301F-11D3-BF4B-00C04F79EFBC}") = "Day5_1", "Day5_1\Day5_1.csproj", "{58BAADF5-94C5-48D9-A699-C8F2C8C6CFAE}"
EndProject
Project("{FAE04EC0-301F-11D3-BF4B-00C04F79EFBC}") = "Day5_2", "Day5_2\Day5_2.csproj", "{3F18F935-B3DE-47A2-8CCE-C9CAD45EB328}"
EndProject
Project("{FAE04EC0-301F-11D3-BF4B-00C04F79EFBC}") = "Day6_1", "Day6_1\Day6_1.csproj", "{64A1BC59-A1AC-4FEB-87FB-22BFF3A559E0}"
EndProject
Project("{FAE04EC0-301F-11D3-BF4B-00C04F79EFBC}") = "Day6_2", "Day6_2\Day6_2.csproj", "{6AC75460-865C-4821-81CD-84281F781A75}"
EndProject
Project("{FAE04EC0-301F-11D3-BF4B-00C04F79EFBC}") = "Day7_1", "Day7_1\Day7_1.csproj", "{27215CAD-81A9-48C7-8067-51013135EC5A}"
EndProject
Project("{FAE04EC0-301F-11D3-BF4B-00C04F79EFBC}") = "Day7_2", "Day7_2\Day7_2.csproj", "{C980B307-D046-4ECC-8B02-90E4F83EDD23}"
EndProject
Project("{FAE04EC0-301F-11D3-BF4B-00C04F79EFBC}") = "Day8_1", "Day8_1\Day8_1.csproj", "{022CB6CC-0A60-4918-BBBC-88A90D4224BA}"
EndProject
Project("{FAE04EC0-301F-11D3-BF4B-00C04F79EFBC}") = "Day8_2", "Day8_2\Day8_2.csproj", "{AE0260B7-84FE-48AD-B0E1-1B114BEB2C6E}"
EndProject
Project("{FAE04EC0-301F-11D3-BF4B-00C04F79EFBC}") = "Day9_1", "Day9_1\Day9_1.csproj", "{766A4937-F3C3-4927-92C8-8F71D941BB61}"
EndProject
Project("{FAE04EC0-301F-11D3-BF4B-00C04F79EFBC}") = "Day9_2", "Day9_2\Day9_2.csproj", "{6F41CB73-D978-410F-B4A9-D18950AA14A1}"
EndProject
Project("{FAE04EC0-301F-11D3-BF4B-00C04F79EFBC}") = "Day10_1", "Day10_1\Day10_1.csproj", "{E9D8627D-6512-4164-8C3F-3B1DB1D99BE1}"
EndProject
Project("{FAE04EC0-301F-11D3-BF4B-00C04F79EFBC}") = "Day12_1", "Day12_1\Day12_1.csproj", "{F73259AC-465D-4762-8062-C32CC2B4E84C}"
EndProject
Project("{FAE04EC0-301F-11D3-BF4B-00C04F79EFBC}") = "Day12_2", "Day12_2\Day12_2.csproj", "{176B6AA1-2CA4-41B5-9550-3479594010A1}"
EndProject
Global
	GlobalSection(SolutionConfigurationPlatforms) = preSolution
		Debug|Any CPU = Debug|Any CPU
		Release|Any CPU = Release|Any CPU
	EndGlobalSection
	GlobalSection(ProjectConfigurationPlatforms) = postSolution
		{452AB4EB-8AE0-4FE3-8DA8-203F5B164532}.Debug|Any CPU.ActiveCfg = Debug|Any CPU
		{452AB4EB-8AE0-4FE3-8DA8-203F5B164532}.Debug|Any CPU.Build.0 = Debug|Any CPU
		{452AB4EB-8AE0-4FE3-8DA8-203F5B164532}.Release|Any CPU.ActiveCfg = Release|Any CPU
		{452AB4EB-8AE0-4FE3-8DA8-203F5B164532}.Release|Any CPU.Build.0 = Release|Any CPU
		{4059B0A1-4468-403E-B927-99E39048D7DD}.Debug|Any CPU.ActiveCfg = Debug|Any CPU
		{4059B0A1-4468-403E-B927-99E39048D7DD}.Debug|Any CPU.Build.0 = Debug|Any CPU
		{4059B0A1-4468-403E-B927-99E39048D7DD}.Release|Any CPU.ActiveCfg = Release|Any CPU
		{4059B0A1-4468-403E-B927-99E39048D7DD}.Release|Any CPU.Build.0 = Release|Any CPU
		{6A121B77-C884-4719-85DE-EA228F2E43A5}.Debug|Any CPU.ActiveCfg = Debug|Any CPU
		{6A121B77-C884-4719-85DE-EA228F2E43A5}.Debug|Any CPU.Build.0 = Debug|Any CPU
		{6A121B77-C884-4719-85DE-EA228F2E43A5}.Release|Any CPU.ActiveCfg = Release|Any CPU
		{6A121B77-C884-4719-85DE-EA228F2E43A5}.Release|Any CPU.Build.0 = Release|Any CPU
		{8A9AA0C8-3A3B-4297-9B83-C853C042A5C0}.Debug|Any CPU.ActiveCfg = Debug|Any CPU
		{8A9AA0C8-3A3B-4297-9B83-C853C042A5C0}.Debug|Any CPU.Build.0 = Debug|Any CPU
		{8A9AA0C8-3A3B-4297-9B83-C853C042A5C0}.Release|Any CPU.ActiveCfg = Release|Any CPU
		{8A9AA0C8-3A3B-4297-9B83-C853C042A5C0}.Release|Any CPU.Build.0 = Release|Any CPU
		{A70A4E5D-2E9B-43D1-9F5E-F75D0E2D4FF4}.Debug|Any CPU.ActiveCfg = Debug|Any CPU
		{A70A4E5D-2E9B-43D1-9F5E-F75D0E2D4FF4}.Debug|Any CPU.Build.0 = Debug|Any CPU
		{A70A4E5D-2E9B-43D1-9F5E-F75D0E2D4FF4}.Release|Any CPU.ActiveCfg = Release|Any CPU
		{A70A4E5D-2E9B-43D1-9F5E-F75D0E2D4FF4}.Release|Any CPU.Build.0 = Release|Any CPU
		{BA6EA3A9-DFDB-4CED-AF68-C89A780E34AC}.Debug|Any CPU.ActiveCfg = Debug|Any CPU
		{BA6EA3A9-DFDB-4CED-AF68-C89A780E34AC}.Debug|Any CPU.Build.0 = Debug|Any CPU
		{BA6EA3A9-DFDB-4CED-AF68-C89A780E34AC}.Release|Any CPU.ActiveCfg = Release|Any CPU
		{BA6EA3A9-DFDB-4CED-AF68-C89A780E34AC}.Release|Any CPU.Build.0 = Release|Any CPU
		{0C597948-2336-4F0F-8798-FEA9F30E71C1}.Debug|Any CPU.ActiveCfg = Debug|Any CPU
		{0C597948-2336-4F0F-8798-FEA9F30E71C1}.Debug|Any CPU.Build.0 = Debug|Any CPU
		{0C597948-2336-4F0F-8798-FEA9F30E71C1}.Release|Any CPU.ActiveCfg = Release|Any CPU
		{0C597948-2336-4F0F-8798-FEA9F30E71C1}.Release|Any CPU.Build.0 = Release|Any CPU
		{6177C8CA-ADAA-448E-9083-5B4220AE6957}.Debug|Any CPU.ActiveCfg = Debug|Any CPU
		{6177C8CA-ADAA-448E-9083-5B4220AE6957}.Debug|Any CPU.Build.0 = Debug|Any CPU
		{6177C8CA-ADAA-448E-9083-5B4220AE6957}.Release|Any CPU.ActiveCfg = Release|Any CPU
		{6177C8CA-ADAA-448E-9083-5B4220AE6957}.Release|Any CPU.Build.0 = Release|Any CPU
		{58BAADF5-94C5-48D9-A699-C8F2C8C6CFAE}.Debug|Any CPU.ActiveCfg = Debug|Any CPU
		{58BAADF5-94C5-48D9-A699-C8F2C8C6CFAE}.Debug|Any CPU.Build.0 = Debug|Any CPU
		{58BAADF5-94C5-48D9-A699-C8F2C8C6CFAE}.Release|Any CPU.ActiveCfg = Release|Any CPU
		{58BAADF5-94C5-48D9-A699-C8F2C8C6CFAE}.Release|Any CPU.Build.0 = Release|Any CPU
		{3F18F935-B3DE-47A2-8CCE-C9CAD45EB328}.Debug|Any CPU.ActiveCfg = Debug|Any CPU
		{3F18F935-B3DE-47A2-8CCE-C9CAD45EB328}.Debug|Any CPU.Build.0 = Debug|Any CPU
		{3F18F935-B3DE-47A2-8CCE-C9CAD45EB328}.Release|Any CPU.ActiveCfg = Release|Any CPU
		{3F18F935-B3DE-47A2-8CCE-C9CAD45EB328}.Release|Any CPU.Build.0 = Release|Any CPU
		{64A1BC59-A1AC-4FEB-87FB-22BFF3A559E0}.Debug|Any CPU.ActiveCfg = Debug|Any CPU
		{64A1BC59-A1AC-4FEB-87FB-22BFF3A559E0}.Debug|Any CPU.Build.0 = Debug|Any CPU
		{64A1BC59-A1AC-4FEB-87FB-22BFF3A559E0}.Release|Any CPU.ActiveCfg = Release|Any CPU
		{64A1BC59-A1AC-4FEB-87FB-22BFF3A559E0}.Release|Any CPU.Build.0 = Release|Any CPU
		{6AC75460-865C-4821-81CD-84281F781A75}.Debug|Any CPU.ActiveCfg = Debug|Any CPU
		{6AC75460-865C-4821-81CD-84281F781A75}.Debug|Any CPU.Build.0 = Debug|Any CPU
		{6AC75460-865C-4821-81CD-84281F781A75}.Release|Any CPU.ActiveCfg = Release|Any CPU
		{6AC75460-865C-4821-81CD-84281F781A75}.Release|Any CPU.Build.0 = Release|Any CPU
		{27215CAD-81A9-48C7-8067-51013135EC5A}.Debug|Any CPU.ActiveCfg = Debug|Any CPU
		{27215CAD-81A9-48C7-8067-51013135EC5A}.Debug|Any CPU.Build.0 = Debug|Any CPU
		{27215CAD-81A9-48C7-8067-51013135EC5A}.Release|Any CPU.ActiveCfg = Release|Any CPU
		{27215CAD-81A9-48C7-8067-51013135EC5A}.Release|Any CPU.Build.0 = Release|Any CPU
		{C980B307-D046-4ECC-8B02-90E4F83EDD23}.Debug|Any CPU.ActiveCfg = Debug|Any CPU
		{C980B307-D046-4ECC-8B02-90E4F83EDD23}.Debug|Any CPU.Build.0 = Debug|Any CPU
		{C980B307-D046-4ECC-8B02-90E4F83EDD23}.Release|Any CPU.ActiveCfg = Release|Any CPU
		{C980B307-D046-4ECC-8B02-90E4F83EDD23}.Release|Any CPU.Build.0 = Release|Any CPU
		{022CB6CC-0A60-4918-BBBC-88A90D4224BA}.Debug|Any CPU.ActiveCfg = Debug|Any CPU
		{022CB6CC-0A60-4918-BBBC-88A90D4224BA}.Debug|Any CPU.Build.0 = Debug|Any CPU
		{022CB6CC-0A60-4918-BBBC-88A90D4224BA}.Release|Any CPU.ActiveCfg = Release|Any CPU
		{022CB6CC-0A60-4918-BBBC-88A90D4224BA}.Release|Any CPU.Build.0 = Release|Any CPU
		{AE0260B7-84FE-48AD-B0E1-1B114BEB2C6E}.Debug|Any CPU.ActiveCfg = Debug|Any CPU
		{AE0260B7-84FE-48AD-B0E1-1B114BEB2C6E}.Debug|Any CPU.Build.0 = Debug|Any CPU
		{AE0260B7-84FE-48AD-B0E1-1B114BEB2C6E}.Release|Any CPU.ActiveCfg = Release|Any CPU
		{AE0260B7-84FE-48AD-B0E1-1B114BEB2C6E}.Release|Any CPU.Build.0 = Release|Any CPU
		{766A4937-F3C3-4927-92C8-8F71D941BB61}.Debug|Any CPU.ActiveCfg = Debug|Any CPU
		{766A4937-F3C3-4927-92C8-8F71D941BB61}.Debug|Any CPU.Build.0 = Debug|Any CPU
		{766A4937-F3C3-4927-92C8-8F71D941BB61}.Release|Any CPU.ActiveCfg = Release|Any CPU
		{766A4937-F3C3-4927-92C8-8F71D941BB61}.Release|Any CPU.Build.0 = Release|Any CPU
		{6F41CB73-D978-410F-B4A9-D18950AA14A1}.Debug|Any CPU.ActiveCfg = Debug|Any CPU
		{6F41CB73-D978-410F-B4A9-D18950AA14A1}.Debug|Any CPU.Build.0 = Debug|Any CPU
		{6F41CB73-D978-410F-B4A9-D18950AA14A1}.Release|Any CPU.ActiveCfg = Release|Any CPU
		{6F41CB73-D978-410F-B4A9-D18950AA14A1}.Release|Any CPU.Build.0 = Release|Any CPU
		{E9D8627D-6512-4164-8C3F-3B1DB1D99BE1}.Debug|Any CPU.ActiveCfg = Debug|Any CPU
		{E9D8627D-6512-4164-8C3F-3B1DB1D99BE1}.Debug|Any CPU.Build.0 = Debug|Any CPU
		{E9D8627D-6512-4164-8C3F-3B1DB1D99BE1}.Release|Any CPU.ActiveCfg = Release|Any CPU
		{E9D8627D-6512-4164-8C3F-3B1DB1D99BE1}.Release|Any CPU.Build.0 = Release|Any CPU
		{F73259AC-465D-4762-8062-C32CC2B4E84C}.Debug|Any CPU.ActiveCfg = Debug|Any CPU
		{F73259AC-465D-4762-8062-C32CC2B4E84C}.Debug|Any CPU.Build.0 = Debug|Any CPU
		{F73259AC-465D-4762-8062-C32CC2B4E84C}.Release|Any CPU.ActiveCfg = Release|Any CPU
		{F73259AC-465D-4762-8062-C32CC2B4E84C}.Release|Any CPU.Build.0 = Release|Any CPU
		{176B6AA1-2CA4-41B5-9550-3479594010A1}.Debug|Any CPU.ActiveCfg = Debug|Any CPU
		{176B6AA1-2CA4-41B5-9550-3479594010A1}.Debug|Any CPU.Build.0 = Debug|Any CPU
		{176B6AA1-2CA4-41B5-9550-3479594010A1}.Release|Any CPU.ActiveCfg = Release|Any CPU
		{176B6AA1-2CA4-41B5-9550-3479594010A1}.Release|Any CPU.Build.0 = Release|Any CPU
	EndGlobalSection
	GlobalSection(SolutionProperties) = preSolution
		HideSolutionNode = FALSE
	EndGlobalSection
	GlobalSection(ExtensibilityGlobals) = postSolution
		SolutionGuid = {9090DB89-D26E-480C-9D66-716BF87AE1FB}
	EndGlobalSection
EndGlobal
